
Microsoft Visual Studio Solution File, Format Version 12.00
# Visual Studio Version 17
VisualStudioVersion = 17.5.33627.172
MinimumVisualStudioVersion = 10.0.40219.1
Project("{FAE04EC0-301F-11D3-BF4B-00C04F79EFBC}") = "CRUD3", "CRUD3\CRUD3.csproj", "{8867EDA9-E9F1-40B4-B326-0D827C53F61F}"
EndProject
Global
	GlobalSection(SolutionConfigurationPlatforms) = preSolution
		Debug|Any CPU = Debug|Any CPU
		Release|Any CPU = Release|Any CPU
	EndGlobalSection
	GlobalSection(ProjectConfigurationPlatforms) = postSolution
		{8867EDA9-E9F1-40B4-B326-0D827C53F61F}.Debug|Any CPU.ActiveCfg = Debug|Any CPU
		{8867EDA9-E9F1-40B4-B326-0D827C53F61F}.Debug|Any CPU.Build.0 = Debug|Any CPU
		{8867EDA9-E9F1-40B4-B326-0D827C53F61F}.Release|Any CPU.ActiveCfg = Release|Any CPU
		{8867EDA9-E9F1-40B4-B326-0D827C53F61F}.Release|Any CPU.Build.0 = Release|Any CPU
	EndGlobalSection
	GlobalSection(SolutionProperties) = preSolution
		HideSolutionNode = FALSE
	EndGlobalSection
	GlobalSection(ExtensibilityGlobals) = postSolution
		SolutionGuid = {30CABC9A-F94A-44EE-AD3E-A571E57D28E2}
	EndGlobalSection
EndGlobal
